
Microsoft Visual Studio Solution File, Format Version 12.00
# Visual Studio Version 16
VisualStudioVersion = 16.0.30907.101
MinimumVisualStudioVersion = 10.0.40219.1
Project("{8BC9CEB8-8B4A-11D0-8D11-00A0C91BC942}") = "CSmtp", "CSmtp\CSmtp.vcxproj", "{44A57BCD-F2A8-4BE0-8AB9-870D1B26C46A}"
EndProject
Project("{8BC9CEB8-8B4A-11D0-8D11-00A0C91BC942}") = "TcpSocket", "TcpSocket\TcpSocket.vcxproj", "{2928450C-4E62-4FC3-9099-1816DED559F9}"
EndProject
Project("{8BC9CEB8-8B4A-11D0-8D11-00A0C91BC942}") = "CFtpClient", "CFtpClient\CFtpClient.vcxproj", "{26E7D986-1619-4C16-9B61-9D1011B63C9B}"
EndProject
Project("{8BC9CEB8-8B4A-11D0-8D11-00A0C91BC942}") = "CFtpServer", "CFtpServer\CFtpServer.vcxproj", "{C9439401-C19D-40F3-9B7B-91344D3DFFEC}"
EndProject
Project("{8BC9CEB8-8B4A-11D0-8D11-00A0C91BC942}") = "CHttp", "CHttp\CHttp.vcxproj", "{968806B5-D75A-48ED-9D58-C8E9FF09EBF0}"
EndProject
Global
	GlobalSection(SolutionConfigurationPlatforms) = preSolution
		Debug|x64 = Debug|x64
		Debug|x86 = Debug|x86
		Release|x64 = Release|x64
		Release|x86 = Release|x86
	EndGlobalSection
	GlobalSection(ProjectConfigurationPlatforms) = postSolution
		{44A57BCD-F2A8-4BE0-8AB9-870D1B26C46A}.Debug|x64.ActiveCfg = Debug|x64
		{44A57BCD-F2A8-4BE0-8AB9-870D1B26C46A}.Debug|x64.Build.0 = Debug|x64
		{44A57BCD-F2A8-4BE0-8AB9-870D1B26C46A}.Debug|x86.ActiveCfg = Debug|Win32
		{44A57BCD-F2A8-4BE0-8AB9-870D1B26C46A}.Debug|x86.Build.0 = Debug|Win32
		{44A57BCD-F2A8-4BE0-8AB9-870D1B26C46A}.Release|x64.ActiveCfg = Release|x64
		{44A57BCD-F2A8-4BE0-8AB9-870D1B26C46A}.Release|x64.Build.0 = Release|x64
		{44A57BCD-F2A8-4BE0-8AB9-870D1B26C46A}.Release|x86.ActiveCfg = Release|Win32
		{44A57BCD-F2A8-4BE0-8AB9-870D1B26C46A}.Release|x86.Build.0 = Release|Win32
		{2928450C-4E62-4FC3-9099-1816DED559F9}.Debug|x64.ActiveCfg = Debug|x64
		{2928450C-4E62-4FC3-9099-1816DED559F9}.Debug|x64.Build.0 = Debug|x64
		{2928450C-4E62-4FC3-9099-1816DED559F9}.Debug|x86.ActiveCfg = Debug|Win32
		{2928450C-4E62-4FC3-9099-1816DED559F9}.Debug|x86.Build.0 = Debug|Win32
		{2928450C-4E62-4FC3-9099-1816DED559F9}.Release|x64.ActiveCfg = Release|x64
		{2928450C-4E62-4FC3-9099-1816DED559F9}.Release|x64.Build.0 = Release|x64
		{2928450C-4E62-4FC3-9099-1816DED559F9}.Release|x86.ActiveCfg = Release|Win32
		{2928450C-4E62-4FC3-9099-1816DED559F9}.Release|x86.Build.0 = Release|Win32
		{26E7D986-1619-4C16-9B61-9D1011B63C9B}.Debug|x64.ActiveCfg = Debug|x64
		{26E7D986-1619-4C16-9B61-9D1011B63C9B}.Debug|x64.Build.0 = Debug|x64
		{26E7D986-1619-4C16-9B61-9D1011B63C9B}.Debug|x86.ActiveCfg = Debug|Win32
		{26E7D986-1619-4C16-9B61-9D1011B63C9B}.Debug|x86.Build.0 = Debug|Win32
		{26E7D986-1619-4C16-9B61-9D1011B63C9B}.Release|x64.ActiveCfg = Release|x64
		{26E7D986-1619-4C16-9B61-9D1011B63C9B}.Release|x64.Build.0 = Release|x64
		{26E7D986-1619-4C16-9B61-9D1011B63C9B}.Release|x86.ActiveCfg = Release|Win32
		{26E7D986-1619-4C16-9B61-9D1011B63C9B}.Release|x86.Build.0 = Release|Win32
		{C9439401-C19D-40F3-9B7B-91344D3DFFEC}.Debug|x64.ActiveCfg = Debug|x64
		{C9439401-C19D-40F3-9B7B-91344D3DFFEC}.Debug|x64.Build.0 = Debug|x64
		{C9439401-C19D-40F3-9B7B-91344D3DFFEC}.Debug|x86.ActiveCfg = Debug|Win32
		{C9439401-C19D-40F3-9B7B-91344D3DFFEC}.Debug|x86.Build.0 = Debug|Win32
		{C9439401-C19D-40F3-9B7B-91344D3DFFEC}.Release|x64.ActiveCfg = Release|x64
		{C9439401-C19D-40F3-9B7B-91344D3DFFEC}.Release|x64.Build.0 = Release|x64
		{C9439401-C19D-40F3-9B7B-91344D3DFFEC}.Release|x86.ActiveCfg = Release|Win32
		{C9439401-C19D-40F3-9B7B-91344D3DFFEC}.Release|x86.Build.0 = Release|Win32
		{968806B5-D75A-48ED-9D58-C8E9FF09EBF0}.Debug|x64.ActiveCfg = Debug|x64
		{968806B5-D75A-48ED-9D58-C8E9FF09EBF0}.Debug|x64.Build.0 = Debug|x64
		{968806B5-D75A-48ED-9D58-C8E9FF09EBF0}.Debug|x86.ActiveCfg = Debug|Win32
		{968806B5-D75A-48ED-9D58-C8E9FF09EBF0}.Debug|x86.Build.0 = Debug|Win32
		{968806B5-D75A-48ED-9D58-C8E9FF09EBF0}.Release|x64.ActiveCfg = Release|x64
		{968806B5-D75A-48ED-9D58-C8E9FF09EBF0}.Release|x64.Build.0 = Release|x64
		{968806B5-D75A-48ED-9D58-C8E9FF09EBF0}.Release|x86.ActiveCfg = Release|Win32
		{968806B5-D75A-48ED-9D58-C8E9FF09EBF0}.Release|x86.Build.0 = Release|Win32
	EndGlobalSection
	GlobalSection(SolutionProperties) = preSolution
		HideSolutionNode = FALSE
	EndGlobalSection
	GlobalSection(ExtensibilityGlobals) = postSolution
		SolutionGuid = {1601A86A-AE43-4FC6-AA78-A314BF654B57}
	EndGlobalSection
EndGlobal
