
Microsoft Visual Studio Solution File, Format Version 12.00
# Visual Studio Version 17
VisualStudioVersion = 17.1.32210.238
MinimumVisualStudioVersion = 10.0.40219.1
Project("{8BC9CEB8-8B4A-11D0-8D11-00A0C91BC942}") = "CHttp", "CHttp.vcxproj", "{968806B5-D75A-48ED-9D58-C8E9FF09EBF0}"
EndProject
Global
	GlobalSection(SolutionConfigurationPlatforms) = preSolution
		Debug|x64 = Debug|x64
		Debug|x86 = Debug|x86
		Release|x64 = Release|x64
		Release|x86 = Release|x86
	EndGlobalSection
	GlobalSection(ProjectConfigurationPlatforms) = postSolution
		{968806B5-D75A-48ED-9D58-C8E9FF09EBF0}.Debug|x64.ActiveCfg = Debug|x64
		{968806B5-D75A-48ED-9D58-C8E9FF09EBF0}.Debug|x64.Build.0 = Debug|x64
		{968806B5-D75A-48ED-9D58-C8E9FF09EBF0}.Debug|x86.ActiveCfg = Debug|Win32
		{968806B5-D75A-48ED-9D58-C8E9FF09EBF0}.Debug|x86.Build.0 = Debug|Win32
		{968806B5-D75A-48ED-9D58-C8E9FF09EBF0}.Release|x64.ActiveCfg = Release|x64
		{968806B5-D75A-48ED-9D58-C8E9FF09EBF0}.Release|x64.Build.0 = Release|x64
		{968806B5-D75A-48ED-9D58-C8E9FF09EBF0}.Release|x86.ActiveCfg = Release|Win32
		{968806B5-D75A-48ED-9D58-C8E9FF09EBF0}.Release|x86.Build.0 = Release|Win32
	EndGlobalSection
	GlobalSection(SolutionProperties) = preSolution
		HideSolutionNode = FALSE
	EndGlobalSection
	GlobalSection(ExtensibilityGlobals) = postSolution
		SolutionGuid = {959473C5-62E0-44FD-96E5-4542DA09BBA1}
	EndGlobalSection
EndGlobal
